{
  "name": "@riposte/stripe-app",
  "version": "0.0.1",
  "lockfileVersion": 3,
  "requires": true,
  "packages": {
    "": {
      "name": "@riposte/stripe-app",
      "version": "0.0.1",
      "license": "AGPL-3.0-only",
      "devDependencies": {},
      "engines": {
        "node": ">=22.0.0"
      }
    },
    "../../node_modules/.pnpm/@stripe+ui-extension-sdk@9.1.0_stripe@13.11.0/node_modules/@stripe/ui-extension-sdk": {
      "version": "9.1.0",
      "extraneous": true,
      "license": "MIT",
      "dependencies": {
        "@remote-ui/core": "2.2.5",
        "@remote-ui/react": "5.0.5",
        "@remote-ui/rpc": "1.4.5",
        "@remote-ui/testing": "1.4.3",
        "@types/stylis": "4.2.6",
        "invariant": "2.2.4",
        "react": "18.3.1",
        "react-reconciler": "0.29.0"
      },
      "peerDependencies": {
        "stripe": ">= 8.195.0"
      }
    },
    "../../node_modules/.pnpm/@stripe+ui-extension-tools@0.0.1_@babel+core@7.29.0_babel-jest@27.5.1_@babel+core@7.29.0_/node_modules/@stripe/ui-extension-tools": {
      "version": "0.0.1",
      "extraneous": true,
      "license": "MIT",
      "dependencies": {
        "@types/jest": "^28.1.4",
        "@typescript-eslint/eslint-plugin": "^5.30.3",
        "@typescript-eslint/parser": "^5.30.3",
        "eslint": "^8.19.0",
        "eslint-plugin-react": "^7.30.1",
        "eslint-plugin-react-hooks": "^4.6.0",
        "jest": "^27.5.1",
        "jest-transform-stub": "^2.0.0",
        "ts-jest": "^27.1.4",
        "typescript": "^4.7.4"
      },
      "devDependencies": {
        "@stripe-internal/eslint-config-stripe": "^2.0.1",
        "@stripe-internal/js-scripts": "workspace:*"
      }
    },
    "../../node_modules/.pnpm/@types+jest@27.5.2/node_modules/@types/jest": {
      "version": "27.5.2",
      "extraneous": true,
      "license": "MIT",
      "dependencies": {
        "jest-matcher-utils": "^27.0.0",
        "pretty-format": "^27.0.0"
      }
    },
    "../../node_modules/.pnpm/@types+react@17.0.91/node_modules/@types/react": {
      "version": "17.0.91",
      "extraneous": true,
      "license": "MIT",
      "dependencies": {
        "@types/prop-types": "*",
        "@types/scheduler": "^0.16",
        "csstype": "^3.2.2"
      }
    },
    "../../node_modules/.pnpm/stripe@13.11.0/node_modules/stripe": {
      "version": "13.11.0",
      "extraneous": true,
      "license": "MIT",
      "dependencies": {
        "@types/node": ">=8.1.0",
        "qs": "^6.11.0"
      },
      "devDependencies": {
        "@types/chai": "^4.3.4",
        "@types/chai-as-promised": "^7.1.5",
        "@types/mocha": "^10.0.1",
        "@types/qs": "^6.9.7",
        "@typescript-eslint/eslint-plugin": "^4.33.0",
        "@typescript-eslint/parser": "^4.33.0",
        "chai": "^4.3.6",
        "chai-as-promised": "~7.1.1",
        "coveralls": "^3.1.1",
        "eslint": "^7.32.0",
        "eslint-config-prettier": "^8.5.0",
        "eslint-plugin-chai-friendly": "^0.7.2",
        "eslint-plugin-import": "^2.27.5",
        "eslint-plugin-prettier": "^3.4.1",
        "mocha": "^8.4.0",
        "mocha-junit-reporter": "^2.1.0",
        "nock": "^13.2.9",
        "node-fetch": "^2.6.7",
        "nyc": "^15.1.0",
        "prettier": "^1.16.4",
        "ts-node": "^10.9.1",
        "typescript": "^4.9.4"
      },
      "engines": {
        "node": ">=12.*"
      }
    }
  }
}
